<?xml version="1.0" encoding="utf-8"?>
<Project ToolsVersion="4.0" xmlns="http://schemas.microsoft.com/developer/msbuild/2003">
  <ItemGroup>
    <Filter Include="Form Files">
      <UniqueIdentifier>{99349809-55BA-4b9d-BF79-8FDBB0286EB3}</UniqueIdentifier>
      <Extensions>ui</Extensions>
      <ParseFiles>false</ParseFiles>
    </Filter>
    <Filter Include="Form Files">
      <UniqueIdentifier>{99349809-55BA-4b9d-BF79-8FDBB0286EB3}</UniqueIdentifier>
      <Extensions>ui</Extensions>
      <ParseFiles>false</ParseFiles>
    </Filter>
    <Filter Include="Generated Files">
      <UniqueIdentifier>{71ED8ED8-ACB9-4CE9-BBE1-E00B30144E11}</UniqueIdentifier>
      <Extensions>cpp;c;cxx;moc;h;def;odl;idl;res;</Extensions>
    </Filter>
    <Filter Include="Header Files">
      <UniqueIdentifier>{93995380-89BD-4b04-88EB-625FBE52EBFB}</UniqueIdentifier>
      <Extensions>h;hpp;hxx;hm;inl;inc;xsd</Extensions>
    </Filter>
    <Filter Include="Header Files">
      <UniqueIdentifier>{93995380-89BD-4b04-88EB-625FBE52EBFB}</UniqueIdentifier>
      <Extensions>h;hpp;hxx;hm;inl;inc;xsd</Extensions>
    </Filter>
    <Filter Include="Source Files">
      <UniqueIdentifier>{4FC737F1-C7A5-4376-A066-2A32D752A2FF}</UniqueIdentifier>
      <Extensions>cpp;c;cxx;def;odl;idl;hpj;bat;asm;asmx</Extensions>
    </Filter>
    <Filter Include="Source Files">
      <UniqueIdentifier>{4FC737F1-C7A5-4376-A066-2A32D752A2FF}</UniqueIdentifier>
      <Extensions>cpp;c;cxx;def;odl;idl;hpj;bat;asm;asmx</Extensions>
    </Filter>
    <Filter Include="Header Files\Utilities">
      <UniqueIdentifier>{d0c12fa8-260c-47c8-bb96-35de75b39864}</UniqueIdentifier>
    </Filter>
    <Filter Include="Source Files\Utilities">
      <UniqueIdentifier>{e3080b51-61d9-4aeb-98aa-1a5c49cd1ac1}</UniqueIdentifier>
    </Filter>
    <Filter Include="Header Files\Buildings">
      <UniqueIdentifier>{10843058-44a4-414c-8e65-f2e483721e92}</UniqueIdentifier>
    </Filter>
    <Filter Include="Source Files\Buildings">
      <UniqueIdentifier>{c05c5f96-bcef-432a-acee-daeaf38be9cd}</UniqueIdentifier>
    </Filter>
    <Filter Include="Header Files\Dialogs">
      <UniqueIdentifier>{75f0809b-5420-45c3-9f73-aaad1d258a59}</UniqueIdentifier>
    </Filter>
    <Filter Include="Source Files\Dialogs">
      <UniqueIdentifier>{d17210c1-5901-475d-88b4-7bfd538075b5}</UniqueIdentifier>
    </Filter>
    <Filter Include="Generated Files\Debug">
      <UniqueIdentifier>{137372ad-fda1-4fe3-a680-f8735a9f8d11}</UniqueIdentifier>
      <Extensions>cpp;moc</Extensions>
      <SourceControlFiles>False</SourceControlFiles>
    </Filter>
    <Filter Include="Generated Files\Release">
      <UniqueIdentifier>{d8331305-6e39-479e-8b9a-b3c0f0852b74}</UniqueIdentifier>
      <Extensions>cpp;moc</Extensions>
      <SourceControlFiles>False</SourceControlFiles>
    </Filter>
    <Filter Include="Header Files\Objects">
      <UniqueIdentifier>{5b8e80c3-5acc-4393-9f96-e9934a665f3d}</UniqueIdentifier>
    </Filter>
    <Filter Include="Source Files\Objects">
      <UniqueIdentifier>{2d1484c9-b4b9-4ee5-bb5f-08803ac39daa}</UniqueIdentifier>
    </Filter>
    <Filter Include="Header Files\Managers">
      <UniqueIdentifier>{3b0b7c3c-60c4-4b99-ab5d-de8c1f99115f}</UniqueIdentifier>
    </Filter>
    <Filter Include="Source Files\Managers">
      <UniqueIdentifier>{8a50976a-7560-42d8-96eb-cb8b0e45047f}</UniqueIdentifier>
    </Filter>
    <Filter Include="Resource Files">
      <UniqueIdentifier>{D9D6E242-F8AF-46E4-B9FD-80ECBC20BA3E}</UniqueIdentifier>
      <Extensions>qrc;*</Extensions>
      <ParseFiles>false</ParseFiles>
    </Filter>
    <Filter Include="Header Files\GUIComponents">
      <UniqueIdentifier>{49fed835-c971-4571-b744-e39f69e5f68a}</UniqueIdentifier>
    </Filter>
    <Filter Include="Source Files\GUIComponents">
      <UniqueIdentifier>{81efcd5f-914b-4aa3-9b60-30b8de739cb6}</UniqueIdentifier>
    </Filter>
    <Filter Include="Header Files\Buildings\Instances">
      <UniqueIdentifier>{060b5227-9109-4438-aa24-08b762336e71}</UniqueIdentifier>
    </Filter>
    <Filter Include="Source Files\Buildings\Instances">
      <UniqueIdentifier>{c9b7e77f-1474-4548-bd91-0cba830106a0}</UniqueIdentifier>
    </Filter>
    <Filter Include="Source Files\Groups">
      <UniqueIdentifier>{ea6b5ddd-bb06-4665-a28d-27395d619c3b}</UniqueIdentifier>
    </Filter>
    <Filter Include="Header Files\Groups">
      <UniqueIdentifier>{225fbf91-b066-4985-aabc-e05aa8577e8b}</UniqueIdentifier>
    </Filter>
  </ItemGroup>
  <ItemGroup>
    <ClCompile Include="GeneratedFiles\Debug\moc_bankdialog.cpp">
      <Filter>Generated Files\Debug</Filter>
    </ClCompile>
    <ClCompile Include="GeneratedFiles\Release\moc_bankdialog.cpp">
      <Filter>Generated Files\Release</Filter>
    </ClCompile>
    <ClCompile Include="GeneratedFiles\Debug\moc_companydetaildialog.cpp">
      <Filter>Generated Files\Debug</Filter>
    </ClCompile>
    <ClCompile Include="GeneratedFiles\Release\moc_companydetaildialog.cpp">
      <Filter>Generated Files\Release</Filter>
    </ClCompile>
    <ClCompile Include="GeneratedFiles\Debug\moc_garagetablewidget.cpp">
      <Filter>Generated Files\Debug</Filter>
    </ClCompile>
    <ClCompile Include="GeneratedFiles\Release\moc_garagetablewidget.cpp">
      <Filter>Generated Files\Release</Filter>
    </ClCompile>
    <ClCompile Include="GeneratedFiles\Debug\moc_mainwindow.cpp">
      <Filter>Generated Files\Debug</Filter>
    </ClCompile>
    <ClCompile Include="GeneratedFiles\Release\moc_mainwindow.cpp">
      <Filter>Generated Files\Release</Filter>
    </ClCompile>
    <ClCompile Include="GeneratedFiles\Debug\moc_warehousetablewidget.cpp">
      <Filter>Generated Files\Debug</Filter>
    </ClCompile>
    <ClCompile Include="GeneratedFiles\Release\moc_warehousetablewidget.cpp">
      <Filter>Generated Files\Release</Filter>
    </ClCompile>
    <ClCompile Include="gameconstants.cpp">
      <Filter>Source Files</Filter>
    </ClCompile>
    <ClCompile Include="main.cpp">
      <Filter>Source Files</Filter>
    </ClCompile>
    <ClCompile Include="mainwindow.cpp">
      <Filter>Source Files</Filter>
    </ClCompile>
    <ClCompile Include="bankdialog.cpp">
      <Filter>Source Files\Dialogs</Filter>
    </ClCompile>
    <ClCompile Include="company.cpp">
      <Filter>Source Files\Groups</Filter>
    </ClCompile>
    <ClCompile Include="companydetaildialog.cpp">
      <Filter>Source Files\Dialogs</Filter>
    </ClCompile>
    <ClCompile Include="garagetablewidget.cpp">
      <Filter>Source Files\GUIComponents</Filter>
    </ClCompile>
    <ClCompile Include="goodscontainer.cpp">
      <Filter>Source Files\Objects</Filter>
    </ClCompile>
    <ClCompile Include="goods.cpp">
      <Filter>Source Files\Objects</Filter>
    </ClCompile>
    <ClCompile Include="valuegenerator.cpp">
      <Filter>Source Files\Utilities</Filter>
    </ClCompile>
    <ClCompile Include="warehousetablewidget.cpp">
      <Filter>Source Files\GUIComponents</Filter>
    </ClCompile>
    <ClCompile Include="truck.cpp">
      <Filter>Source Files\Objects</Filter>
    </ClCompile>
    <ClCompile Include="vihicle.cpp">
      <Filter>Source Files\Objects</Filter>
    </ClCompile>
    <ClCompile Include="warehouse.cpp">
      <Filter>Source Files\Objects</Filter>
    </ClCompile>
    <ClCompile Include="basebuilding.cpp">
      <Filter>Source Files\Buildings</Filter>
    </ClCompile>
    <ClCompile Include="buildingfactory.cpp">
      <Filter>Source Files\Utilities</Filter>
    </ClCompile>
    <ClCompile Include="baseindustry.cpp">
      <Filter>Source Files\Buildings</Filter>
    </ClCompile>
    <ClCompile Include="basecommerce.cpp">
      <Filter>Source Files\Buildings</Filter>
    </ClCompile>
    <ClCompile Include="baseresidence.cpp">
      <Filter>Source Files\Buildings</Filter>
    </ClCompile>
    <ClCompile Include="vector2d.cpp">
      <Filter>Source Files\Utilities</Filter>
    </ClCompile>
    <ClCompile Include="baseagriculture.cpp">
      <Filter>Source Files\Buildings</Filter>
    </ClCompile>
    <ClCompile Include="buildingmanager.cpp">
      <Filter>Source Files\Managers</Filter>
    </ClCompile>
    <ClCompile Include="companymanager.cpp">
      <Filter>Source Files\Managers</Filter>
    </ClCompile>
    <ClCompile Include="industrychainmanager.cpp">
      <Filter>Source Files\Managers</Filter>
    </ClCompile>
    <ClCompile Include="mapmanager.cpp">
      <Filter>Source Files\Managers</Filter>
    </ClCompile>
    <ClCompile Include="timemanager.cpp">
      <Filter>Source Files\Managers</Filter>
    </ClCompile>
    <ClCompile Include="uimanager.cpp">
      <Filter>Source Files\Managers</Filter>
    </ClCompile>
    <ClCompile Include="graph.cpp">
      <Filter>Source Files\Utilities</Filter>
    </ClCompile>
    <ClCompile Include="setroutedialog.cpp">
      <Filter>Source Files\Dialogs</Filter>
    </ClCompile>
    <ClCompile Include="GeneratedFiles\Debug\moc_setroutedialog.cpp">
      <Filter>Generated Files\Debug</Filter>
    </ClCompile>
    <ClCompile Include="GeneratedFiles\Release\moc_setroutedialog.cpp">
      <Filter>Generated Files\Release</Filter>
    </ClCompile>
    <ClCompile Include="GeneratedFiles\Debug\moc_selecttablewidget.cpp">
      <Filter>Generated Files\Debug</Filter>
    </ClCompile>
    <ClCompile Include="GeneratedFiles\Release\moc_selecttablewidget.cpp">
      <Filter>Generated Files\Release</Filter>
    </ClCompile>
    <ClCompile Include="selecttablewidget.cpp">
      <Filter>Source Files\GUIComponents</Filter>
    </ClCompile>
    <ClCompile Include="route.cpp">
      <Filter>Source Files\Objects</Filter>
    </ClCompile>
    <ClCompile Include="pricemanager.cpp">
      <Filter>Source Files\Managers</Filter>
    </ClCompile>
    <ClCompile Include="government.cpp">
      <Filter>Source Files\Groups</Filter>
    </ClCompile>
    <ClCompile Include="GeneratedFiles\qrc_resource.cpp">
      <Filter>Generated Files</Filter>
    </ClCompile>
    <ClCompile Include="machine.cpp">
      <Filter>Source Files\Objects</Filter>
    </ClCompile>
    <ClCompile Include="GeneratedFiles\Debug\moc_buildinginfowidget.cpp">
      <Filter>Generated Files\Debug</Filter>
    </ClCompile>
    <ClCompile Include="GeneratedFiles\Release\moc_buildinginfowidget.cpp">
      <Filter>Generated Files\Release</Filter>
    </ClCompile>
    <ClCompile Include="buildinginfowidget.cpp">
      <Filter>Source Files\GUIComponents</Filter>
    </ClCompile>
    <ClCompile Include="GeneratedFiles\Debug\moc_helpdialog.cpp">
      <Filter>Generated Files\Debug</Filter>
    </ClCompile>
    <ClCompile Include="GeneratedFiles\Release\moc_helpdialog.cpp">
      <Filter>Generated Files\Release</Filter>
    </ClCompile>
    <ClCompile Include="helpdialog.cpp">
      <Filter>Source Files\Dialogs</Filter>
    </ClCompile>
    <ClCompile Include="GeneratedFiles\Debug\moc_mainui.cpp">
      <Filter>Generated Files\Debug</Filter>
    </ClCompile>
    <ClCompile Include="GeneratedFiles\Release\moc_mainui.cpp">
      <Filter>Generated Files\Release</Filter>
    </ClCompile>
    <ClCompile Include="mainui.cpp">
      <Filter>Source Files\GUIComponents</Filter>
    </ClCompile>
    <ClCompile Include="basefinance.cpp">
      <Filter>Source Files\Buildings</Filter>
    </ClCompile>
    <ClCompile Include="basetransportation.cpp">
      <Filter>Source Files\Buildings</Filter>
    </ClCompile>
    <ClCompile Include="bank.cpp">
      <Filter>Source Files\Buildings\Instances</Filter>
    </ClCompile>
    <ClCompile Include="factory.cpp">
      <Filter>Source Files\Buildings\Instances</Filter>
    </ClCompile>
    <ClCompile Include="farm.cpp">
      <Filter>Source Files\Buildings\Instances</Filter>
    </ClCompile>
    <ClCompile Include="mine.cpp">
      <Filter>Source Files\Buildings\Instances</Filter>
    </ClCompile>
    <ClCompile Include="unusedland.cpp">
      <Filter>Source Files\Buildings\Instances</Filter>
    </ClCompile>
    <ClCompile Include="garage.cpp">
      <Filter>Source Files\Buildings\Instances</Filter>
    </ClCompile>
    <ClCompile Include="supermarket.cpp">
      <Filter>Source Files\Buildings\Instances</Filter>
    </ClCompile>
    <ClCompile Include="villa.cpp">
      <Filter>Source Files\Buildings\Instances</Filter>
    </ClCompile>
    <ClCompile Include="GeneratedFiles\Debug\moc_buildingdetaildialog.cpp">
      <Filter>Generated Files\Debug</Filter>
    </ClCompile>
    <ClCompile Include="GeneratedFiles\Release\moc_buildingdetaildialog.cpp">
      <Filter>Generated Files\Release</Filter>
    </ClCompile>
    <ClCompile Include="buildingdetaildialog.cpp">
      <Filter>Source Files\Dialogs</Filter>
    </ClCompile>
    <ClCompile Include="person.cpp">
      <Filter>Source Files\Groups</Filter>
    </ClCompile>
    <ClCompile Include="personmanager.cpp">
      <Filter>Source Files\Managers</Filter>
    </ClCompile>
    <ClCompile Include="GeneratedFiles\Debug\moc_machinetablewidget.cpp">
      <Filter>Generated Files\Debug</Filter>
    </ClCompile>
    <ClCompile Include="GeneratedFiles\Release\moc_machinetablewidget.cpp">
      <Filter>Generated Files\Release</Filter>
    </ClCompile>
    <ClCompile Include="machinetablewidget.cpp">
      <Filter>Source Files\GUIComponents</Filter>
    </ClCompile>
    <ClCompile Include="GeneratedFiles\Debug\moc_buildingtablewidget.cpp">
      <Filter>Generated Files\Debug</Filter>
    </ClCompile>
    <ClCompile Include="GeneratedFiles\Release\moc_buildingtablewidget.cpp">
      <Filter>Generated Files\Release</Filter>
    </ClCompile>
    <ClCompile Include="buildingtablewidget.cpp">
      <Filter>Source Files\GUIComponents</Filter>
    </ClCompile>
    <ClCompile Include="bankaccount.cpp">
      <Filter>Source Files\Objects</Filter>
    </ClCompile>
    <ClCompile Include="tablewidgetpushbutton.cpp">
      <Filter>Source Files\GUIComponents</Filter>
    </ClCompile>
    <ClCompile Include="GeneratedFiles\Debug\moc_commandpushbutton.cpp">
      <Filter>Generated Files\Debug</Filter>
    </ClCompile>
    <ClCompile Include="GeneratedFiles\Release\moc_commandpushbutton.cpp">
      <Filter>Generated Files\Release</Filter>
    </ClCompile>
    <ClCompile Include="commandpushbutton.cpp">
      <Filter>Source Files\GUIComponents</Filter>
    </ClCompile>
    <ClCompile Include="GeneratedFiles\Debug\moc_tablewidgetpushbutton.cpp">
      <Filter>Generated Files\Debug</Filter>
    </ClCompile>
    <ClCompile Include="GeneratedFiles\Release\moc_tablewidgetpushbutton.cpp">
      <Filter>Generated Files\Release</Filter>
    </ClCompile>
  </ItemGroup>
  <ItemGroup>
    <CustomBuild Include="mainwindow.h">
      <Filter>Header Files</Filter>
    </CustomBuild>
    <CustomBuild Include="bankdialog.h">
      <Filter>Header Files\Dialogs</Filter>
    </CustomBuild>
    <CustomBuild Include="companydetaildialog.h">
      <Filter>Header Files\Dialogs</Filter>
    </CustomBuild>
    <CustomBuild Include="garagetablewidget.h">
      <Filter>Header Files\GUIComponents</Filter>
    </CustomBuild>
    <CustomBuild Include="warehousetablewidget.h">
      <Filter>Header Files\GUIComponents</Filter>
    </CustomBuild>
    <CustomBuild Include="setroutedialog.ui">
      <Filter>Form Files</Filter>
    </CustomBuild>
    <CustomBuild Include="setroutedialog.h">
      <Filter>Header Files\Dialogs</Filter>
    </CustomBuild>
    <CustomBuild Include="selecttablewidget.h">
      <Filter>Header Files\GUIComponents</Filter>
    </CustomBuild>
    <CustomBuild Include="resource.qrc">
      <Filter>Resource Files</Filter>
    </CustomBuild>
    <CustomBuild Include="mainwindow.ui">
      <Filter>Form Files</Filter>
    </CustomBuild>
    <CustomBuild Include="buildinginfowidget.ui">
      <Filter>Form Files</Filter>
    </CustomBuild>
    <CustomBuild Include="buildinginfowidget.h">
      <Filter>Header Files\GUIComponents</Filter>
    </CustomBuild>
    <CustomBuild Include="helpdialog.ui">
      <Filter>Form Files</Filter>
    </CustomBuild>
    <CustomBuild Include="helpdialog.h">
      <Filter>Header Files\Dialogs</Filter>
    </CustomBuild>
    <CustomBuild Include="mainui.h">
      <Filter>Header Files\GUIComponents</Filter>
    </CustomBuild>
    <CustomBuild Include="mainui.ui">
      <Filter>Form Files</Filter>
    </CustomBuild>
    <CustomBuild Include="buildingdetaildialog.h">
      <Filter>Header Files\Dialogs</Filter>
    </CustomBuild>
    <CustomBuild Include="buildingdetaildialog.ui">
      <Filter>Form Files</Filter>
    </CustomBuild>
    <CustomBuild Include="bankdialog.ui">
      <Filter>Form Files</Filter>
    </CustomBuild>
    <CustomBuild Include="companydetaildialog.ui">
      <Filter>Form Files</Filter>
    </CustomBuild>
    <CustomBuild Include="machinetablewidget.h">
      <Filter>Header Files\GUIComponents</Filter>
    </CustomBuild>
    <CustomBuild Include="buildingtablewidget.h">
      <Filter>Header Files\GUIComponents</Filter>
    </CustomBuild>
    <CustomBuild Include="tablewidgetpushbutton.h">
      <Filter>Header Files\GUIComponents</Filter>
    </CustomBuild>
    <CustomBuild Include="commandpushbutton.h">
      <Filter>Header Files\GUIComponents</Filter>
    </CustomBuild>
  </ItemGroup>
  <ItemGroup>
    <ClInclude Include="gameconstants.h">
      <Filter>Header Files</Filter>
    </ClInclude>
    <ClInclude Include="company.h">
      <Filter>Header Files\Groups</Filter>
    </ClInclude>
    <ClInclude Include="valuegenerator.h">
      <Filter>Header Files\Utilities</Filter>
    </ClInclude>
    <ClInclude Include="truck.h">
      <Filter>Header Files\Objects</Filter>
    </ClInclude>
    <ClInclude Include="vihicle.h">
      <Filter>Header Files\Objects</Filter>
    </ClInclude>
    <ClInclude Include="warehouse.h">
      <Filter>Header Files\Objects</Filter>
    </ClInclude>
    <ClInclude Include="goods.h">
      <Filter>Header Files\Objects</Filter>
    </ClInclude>
    <ClInclude Include="goodscontainer.h">
      <Filter>Header Files\Objects</Filter>
    </ClInclude>
    <ClInclude Include="basebuilding.h">
      <Filter>Header Files\Buildings</Filter>
    </ClInclude>
    <ClInclude Include="buildingfactory.h">
      <Filter>Header Files\Utilities</Filter>
    </ClInclude>
    <ClInclude Include="baseindustry.h">
      <Filter>Header Files\Buildings</Filter>
    </ClInclude>
    <ClInclude Include="basecommerce.h">
      <Filter>Header Files\Buildings</Filter>
    </ClInclude>
    <ClInclude Include="baseresidence.h">
      <Filter>Header Files\Buildings</Filter>
    </ClInclude>
    <ClInclude Include="vector2d.h">
      <Filter>Header Files\Utilities</Filter>
    </ClInclude>
    <ClInclude Include="baseagriculture.h">
      <Filter>Header Files\Buildings</Filter>
    </ClInclude>
    <ClInclude Include="buildingmanager.h">
      <Filter>Header Files\Managers</Filter>
    </ClInclude>
    <ClInclude Include="companymanager.h">
      <Filter>Header Files\Managers</Filter>
    </ClInclude>
    <ClInclude Include="industrychainmanager.h">
      <Filter>Header Files\Managers</Filter>
    </ClInclude>
    <ClInclude Include="mapmanager.h">
      <Filter>Header Files\Managers</Filter>
    </ClInclude>
    <ClInclude Include="timemanager.h">
      <Filter>Header Files\Managers</Filter>
    </ClInclude>
    <ClInclude Include="uimanager.h">
      <Filter>Header Files\Managers</Filter>
    </ClInclude>
    <ClInclude Include="graph.h">
      <Filter>Header Files\Utilities</Filter>
    </ClInclude>
    <ClInclude Include="GeneratedFiles\ui_setroutedialog.h">
      <Filter>Generated Files</Filter>
    </ClInclude>
    <ClInclude Include="route.h">
      <Filter>Header Files\Objects</Filter>
    </ClInclude>
    <ClInclude Include="pricemanager.h">
      <Filter>Header Files\Managers</Filter>
    </ClInclude>
    <ClInclude Include="government.h">
      <Filter>Header Files\Groups</Filter>
    </ClInclude>
    <ClInclude Include="machine.h">
      <Filter>Header Files\Objects</Filter>
    </ClInclude>
    <ClInclude Include="GeneratedFiles\ui_mainwindow.h">
      <Filter>Generated Files</Filter>
    </ClInclude>
    <ClInclude Include="GeneratedFiles\ui_buildinginfowidget.h">
      <Filter>Generated Files</Filter>
    </ClInclude>
    <ClInclude Include="GeneratedFiles\ui_helpdialog.h">
      <Filter>Generated Files</Filter>
    </ClInclude>
    <ClInclude Include="GeneratedFiles\ui_mainui.h">
      <Filter>Generated Files</Filter>
    </ClInclude>
    <ClInclude Include="basefinance.h">
      <Filter>Header Files\Buildings</Filter>
    </ClInclude>
    <ClInclude Include="bank.h">
      <Filter>Header Files\Buildings\Instances</Filter>
    </ClInclude>
    <ClInclude Include="factory.h">
      <Filter>Header Files\Buildings\Instances</Filter>
    </ClInclude>
    <ClInclude Include="farm.h">
      <Filter>Header Files\Buildings\Instances</Filter>
    </ClInclude>
    <ClInclude Include="mine.h">
      <Filter>Header Files\Buildings\Instances</Filter>
    </ClInclude>
    <ClInclude Include="unusedland.h">
      <Filter>Header Files\Buildings\Instances</Filter>
    </ClInclude>
    <ClInclude Include="garage.h">
      <Filter>Header Files\Buildings\Instances</Filter>
    </ClInclude>
    <ClInclude Include="basetransportation.h">
      <Filter>Header Files\Buildings</Filter>
    </ClInclude>
    <ClInclude Include="supermarket.h">
      <Filter>Header Files\Buildings\Instances</Filter>
    </ClInclude>
    <ClInclude Include="villa.h">
      <Filter>Header Files\Buildings\Instances</Filter>
    </ClInclude>
    <ClInclude Include="GeneratedFiles\ui_buildingdetaildialog.h">
      <Filter>Generated Files</Filter>
    </ClInclude>
    <ClInclude Include="GeneratedFiles\ui_bankdialog.h">
      <Filter>Generated Files</Filter>
    </ClInclude>
    <ClInclude Include="GeneratedFiles\ui_companydetaildialog.h">
      <Filter>Generated Files</Filter>
    </ClInclude>
    <ClInclude Include="person.h">
      <Filter>Header Files\Groups</Filter>
    </ClInclude>
    <ClInclude Include="personmanager.h">
      <Filter>Header Files\Managers</Filter>
    </ClInclude>
    <ClInclude Include="bankaccount.h">
      <Filter>Header Files\Objects</Filter>
    </ClInclude>
  </ItemGroup>
</Project>