<?xml version="1.0" encoding="utf-8"?>
<Project ToolsVersion="4.0" xmlns="http://schemas.microsoft.com/developer/msbuild/2003">
  <ItemGroup>
    <Filter Include="Form Files">
      <UniqueIdentifier>{99349809-55BA-4b9d-BF79-8FDBB0286EB3}</UniqueIdentifier>
      <Extensions>ui</Extensions>
      <ParseFiles>false</ParseFiles>
    </Filter>
    <Filter Include="Form Files">
      <UniqueIdentifier>{99349809-55BA-4b9d-BF79-8FDBB0286EB3}</UniqueIdentifier>
      <Extensions>ui</Extensions>
      <ParseFiles>false</ParseFiles>
    </Filter>
    <Filter Include="Generated Files">
      <UniqueIdentifier>{71ED8ED8-ACB9-4CE9-BBE1-E00B30144E11}</UniqueIdentifier>
      <Extensions>cpp;c;cxx;moc;h;def;odl;idl;res;</Extensions>
    </Filter>
    <Filter Include="Header Files">
      <UniqueIdentifier>{93995380-89BD-4b04-88EB-625FBE52EBFB}</UniqueIdentifier>
      <Extensions>h;hpp;hxx;hm;inl;inc;xsd</Extensions>
    </Filter>
    <Filter Include="Header Files">
      <UniqueIdentifier>{93995380-89BD-4b04-88EB-625FBE52EBFB}</UniqueIdentifier>
      <Extensions>h;hpp;hxx;hm;inl;inc;xsd</Extensions>
    </Filter>
    <Filter Include="Source Files">
      <UniqueIdentifier>{4FC737F1-C7A5-4376-A066-2A32D752A2FF}</UniqueIdentifier>
      <Extensions>cpp;c;cxx;def;odl;idl;hpj;bat;asm;asmx</Extensions>
    </Filter>
    <Filter Include="Source Files">
      <UniqueIdentifier>{4FC737F1-C7A5-4376-A066-2A32D752A2FF}</UniqueIdentifier>
      <Extensions>cpp;c;cxx;def;odl;idl;hpj;bat;asm;asmx</Extensions>
    </Filter>
    <Filter Include="Header Files\Utilities">
      <UniqueIdentifier>{d0c12fa8-260c-47c8-bb96-35de75b39864}</UniqueIdentifier>
    </Filter>
    <Filter Include="Source Files\Utilities">
      <UniqueIdentifier>{e3080b51-61d9-4aeb-98aa-1a5c49cd1ac1}</UniqueIdentifier>
    </Filter>
    <Filter Include="Header Files\Buildings">
      <UniqueIdentifier>{10843058-44a4-414c-8e65-f2e483721e92}</UniqueIdentifier>
    </Filter>
    <Filter Include="Source Files\Buildings">
      <UniqueIdentifier>{c05c5f96-bcef-432a-acee-daeaf38be9cd}</UniqueIdentifier>
    </Filter>
    <Filter Include="Header Files\Company">
      <UniqueIdentifier>{225fbf91-b066-4985-aabc-e05aa8577e8b}</UniqueIdentifier>
    </Filter>
    <Filter Include="Header Files\Dialogs">
      <UniqueIdentifier>{75f0809b-5420-45c3-9f73-aaad1d258a59}</UniqueIdentifier>
    </Filter>
    <Filter Include="Source Files\Company">
      <UniqueIdentifier>{ea6b5ddd-bb06-4665-a28d-27395d619c3b}</UniqueIdentifier>
    </Filter>
    <Filter Include="Source Files\QtComponents">
      <UniqueIdentifier>{81efcd5f-914b-4aa3-9b60-30b8de739cb6}</UniqueIdentifier>
    </Filter>
    <Filter Include="Source Files\Dialogs">
      <UniqueIdentifier>{d17210c1-5901-475d-88b4-7bfd538075b5}</UniqueIdentifier>
    </Filter>
    <Filter Include="Header Files\QtComponents">
      <UniqueIdentifier>{49fed835-c971-4571-b744-e39f69e5f68a}</UniqueIdentifier>
    </Filter>
    <Filter Include="Header Files\Transportations">
      <UniqueIdentifier>{039bad84-2c3a-4c15-862f-870453e2e3f5}</UniqueIdentifier>
    </Filter>
    <Filter Include="Source Files\Transportations">
      <UniqueIdentifier>{9e67b31d-2e62-4223-a21f-a6042f1a836c}</UniqueIdentifier>
    </Filter>
    <Filter Include="Generated Files\Debug">
      <UniqueIdentifier>{137372ad-fda1-4fe3-a680-f8735a9f8d11}</UniqueIdentifier>
      <Extensions>cpp;moc</Extensions>
      <SourceControlFiles>False</SourceControlFiles>
    </Filter>
    <Filter Include="Generated Files\Release">
      <UniqueIdentifier>{d8331305-6e39-479e-8b9a-b3c0f0852b74}</UniqueIdentifier>
      <Extensions>cpp;moc</Extensions>
      <SourceControlFiles>False</SourceControlFiles>
    </Filter>
  </ItemGroup>
  <ItemGroup>
    <ClCompile Include="MainWindow.cpp">
      <Filter>Source Files</Filter>
    </ClCompile>
    <ClCompile Include="main.cpp">
      <Filter>Source Files</Filter>
    </ClCompile>
    <ClCompile Include="GameTimer.cpp">
      <Filter>Source Files\Utilities</Filter>
    </ClCompile>
    <ClCompile Include="ValueGenerator.cpp">
      <Filter>Source Files\Utilities</Filter>
    </ClCompile>
    <ClCompile Include="Residence.cpp">
      <Filter>Source Files\Buildings</Filter>
    </ClCompile>
    <ClCompile Include="Commerce.cpp">
      <Filter>Source Files\Buildings</Filter>
    </ClCompile>
    <ClCompile Include="BuildingBase.cpp">
      <Filter>Source Files\Buildings</Filter>
    </ClCompile>
    <ClCompile Include="BuildingDetailDialog.cpp">
      <Filter>Source Files\Dialogs</Filter>
    </ClCompile>
    <ClCompile Include="BuildingManager.cpp">
      <Filter>Source Files\Buildings</Filter>
    </ClCompile>
    <ClCompile Include="BankDialog.cpp">
      <Filter>Source Files\Dialogs</Filter>
    </ClCompile>
    <ClCompile Include="BuildingInfoTableWidget.cpp">
      <Filter>Source Files\QtComponents</Filter>
    </ClCompile>
    <ClCompile Include="Company.cpp">
      <Filter>Source Files\Company</Filter>
    </ClCompile>
    <ClCompile Include="CompanyDetailDialog.cpp">
      <Filter>Source Files\Dialogs</Filter>
    </ClCompile>
    <ClCompile Include="MyPushButton.cpp">
      <Filter>Source Files\QtComponents</Filter>
    </ClCompile>
    <ClCompile Include="Industry.cpp">
      <Filter>Source Files\Buildings</Filter>
    </ClCompile>
    <ClCompile Include="Garage.cpp">
      <Filter>Source Files\Transportations</Filter>
    </ClCompile>
    <ClCompile Include="Vihicle.cpp">
      <Filter>Source Files\Transportations</Filter>
    </ClCompile>
    <ClCompile Include="Truck.cpp">
      <Filter>Source Files\Transportations</Filter>
    </ClCompile>
    <ClCompile Include="Order.cpp">
      <Filter>Source Files\Transportations</Filter>
    </ClCompile>
    <ClCompile Include="GoodsContainer.cpp">
      <Filter>Source Files\Transportations</Filter>
    </ClCompile>
    <ClCompile Include="Warehouse.cpp">
      <Filter>Source Files\Transportations</Filter>
    </ClCompile>
    <ClCompile Include="WareHouseTableWidget.cpp">
      <Filter>Source Files\QtComponents</Filter>
    </ClCompile>
    <ClCompile Include="GarageTableWidget.cpp">
      <Filter>Source Files\QtComponents</Filter>
    </ClCompile>
    <ClCompile Include="GameConstants.cpp">
      <Filter>Source Files</Filter>
    </ClCompile>
    <ClCompile Include="Debug\moc_MyPushButton.cpp">
      <Filter>Generated Files\Debug</Filter>
    </ClCompile>
    <ClCompile Include="Release\moc_MyPushButton.cpp">
      <Filter>Generated Files\Release</Filter>
    </ClCompile>
    <ClCompile Include="Debug\moc_BankDialog.cpp">
      <Filter>Generated Files\Debug</Filter>
    </ClCompile>
    <ClCompile Include="Release\moc_BankDialog.cpp">
      <Filter>Generated Files\Release</Filter>
    </ClCompile>
    <ClCompile Include="Debug\moc_BuildingDetailDialog.cpp">
      <Filter>Generated Files\Debug</Filter>
    </ClCompile>
    <ClCompile Include="Release\moc_BuildingDetailDialog.cpp">
      <Filter>Generated Files\Release</Filter>
    </ClCompile>
    <ClCompile Include="Debug\moc_CompanyDetailDialog.cpp">
      <Filter>Generated Files\Debug</Filter>
    </ClCompile>
    <ClCompile Include="Release\moc_CompanyDetailDialog.cpp">
      <Filter>Generated Files\Release</Filter>
    </ClCompile>
    <ClCompile Include="Debug\moc_BuildingInfoTableWidget.cpp">
      <Filter>Generated Files\Debug</Filter>
    </ClCompile>
    <ClCompile Include="Release\moc_BuildingInfoTableWidget.cpp">
      <Filter>Generated Files\Release</Filter>
    </ClCompile>
    <ClCompile Include="Debug\moc_GarageTableWidget.cpp">
      <Filter>Generated Files\Debug</Filter>
    </ClCompile>
    <ClCompile Include="Release\moc_GarageTableWidget.cpp">
      <Filter>Generated Files\Release</Filter>
    </ClCompile>
    <ClCompile Include="Debug\moc_WarehouseTableWidget.cpp">
      <Filter>Generated Files\Debug</Filter>
    </ClCompile>
    <ClCompile Include="Release\moc_WarehouseTableWidget.cpp">
      <Filter>Generated Files\Release</Filter>
    </ClCompile>
    <ClCompile Include="Debug\moc_MainWindow.cpp">
      <Filter>Generated Files\Debug</Filter>
    </ClCompile>
    <ClCompile Include="Release\moc_MainWindow.cpp">
      <Filter>Generated Files\Release</Filter>
    </ClCompile>
  </ItemGroup>
  <ItemGroup>
    <CustomBuild Include="MainWindow.h">
      <Filter>Header Files</Filter>
    </CustomBuild>
    <CustomBuild Include="BuildingInfoTableWidget.h">
      <Filter>Header Files\QtComponents</Filter>
    </CustomBuild>
    <CustomBuild Include="MyPushButton.h">
      <Filter>Header Files\QtComponents</Filter>
    </CustomBuild>
    <CustomBuild Include="BuildingDetailDialog.h">
      <Filter>Header Files\Dialogs</Filter>
    </CustomBuild>
    <CustomBuild Include="CompanyDetailDialog.h">
      <Filter>Header Files\Dialogs</Filter>
    </CustomBuild>
    <CustomBuild Include="BankDialog.h">
      <Filter>Header Files\Dialogs</Filter>
    </CustomBuild>
    <CustomBuild Include="WarehouseTableWidget.h">
      <Filter>Header Files\QtComponents</Filter>
    </CustomBuild>
    <CustomBuild Include="GarageTableWidget.h">
      <Filter>Header Files\QtComponents</Filter>
    </CustomBuild>
  </ItemGroup>
  <ItemGroup>
    <CustomBuild Include="BankDialog.ui">
      <Filter>Form Files</Filter>
    </CustomBuild>
    <CustomBuild Include="BuildingDetailDialog.ui">
      <Filter>Form Files</Filter>
    </CustomBuild>
    <CustomBuild Include="CompanyDetailDialog.ui">
      <Filter>Form Files</Filter>
    </CustomBuild>
    <CustomBuild Include="MainWindow.ui">
      <Filter>Form Files</Filter>
    </CustomBuild>
  </ItemGroup>
  <ItemGroup>
    <ClInclude Include="ValueGenerator.h">
      <Filter>Header Files\Utilities</Filter>
    </ClInclude>
    <ClInclude Include="GameTimer.h">
      <Filter>Header Files\Utilities</Filter>
    </ClInclude>
    <ClInclude Include="Residence.h">
      <Filter>Header Files\Buildings</Filter>
    </ClInclude>
    <ClInclude Include="Commerce.h">
      <Filter>Header Files\Buildings</Filter>
    </ClInclude>
    <ClInclude Include="BuildingBase.h">
      <Filter>Header Files\Buildings</Filter>
    </ClInclude>
    <ClInclude Include="Company.h">
      <Filter>Header Files\Company</Filter>
    </ClInclude>
    <ClInclude Include="BuildingManager.h">
      <Filter>Header Files\Buildings</Filter>
    </ClInclude>
    <ClInclude Include="Industry.h">
      <Filter>Header Files\Buildings</Filter>
    </ClInclude>
    <ClInclude Include="Garage.h">
      <Filter>Header Files\Transportations</Filter>
    </ClInclude>
    <ClInclude Include="Vihicle.h">
      <Filter>Header Files\Transportations</Filter>
    </ClInclude>
    <ClInclude Include="Truck.h">
      <Filter>Header Files\Transportations</Filter>
    </ClInclude>
    <ClInclude Include="Order.h">
      <Filter>Header Files\Transportations</Filter>
    </ClInclude>
    <ClInclude Include="GoodsContainer.h">
      <Filter>Header Files\Transportations</Filter>
    </ClInclude>
    <ClInclude Include="Warehouse.h">
      <Filter>Header Files\Transportations</Filter>
    </ClInclude>
    <ClInclude Include="GameConstants.h">
      <Filter>Header Files</Filter>
    </ClInclude>
    <ClInclude Include="GeneratedFiles\ui_BankDialog.h">
      <Filter>Generated Files</Filter>
    </ClInclude>
    <ClInclude Include="GeneratedFiles\ui_BuildingDetailDialog.h">
      <Filter>Generated Files</Filter>
    </ClInclude>
    <ClInclude Include="GeneratedFiles\ui_CompanyDetailDialog.h">
      <Filter>Generated Files</Filter>
    </ClInclude>
    <ClInclude Include="GeneratedFiles\ui_MainWindow.h">
      <Filter>Generated Files</Filter>
    </ClInclude>
  </ItemGroup>
</Project>