<?xml version="1.0" encoding="utf-8"?>
<Project ToolsVersion="4.0" xmlns="http://schemas.microsoft.com/developer/msbuild/2003">
  <ItemGroup>
    <Filter Include="Form Files">
      <UniqueIdentifier>{99349809-55BA-4b9d-BF79-8FDBB0286EB3}</UniqueIdentifier>
      <Extensions>ui</Extensions>
      <ParseFiles>false</ParseFiles>
    </Filter>
    <Filter Include="Form Files">
      <UniqueIdentifier>{99349809-55BA-4b9d-BF79-8FDBB0286EB3}</UniqueIdentifier>
      <Extensions>ui</Extensions>
      <ParseFiles>false</ParseFiles>
    </Filter>
    <Filter Include="Generated Files">
      <UniqueIdentifier>{71ED8ED8-ACB9-4CE9-BBE1-E00B30144E11}</UniqueIdentifier>
      <Extensions>cpp;c;cxx;moc;h;def;odl;idl;res;</Extensions>
    </Filter>
    <Filter Include="Header Files">
      <UniqueIdentifier>{93995380-89BD-4b04-88EB-625FBE52EBFB}</UniqueIdentifier>
      <Extensions>h;hpp;hxx;hm;inl;inc;xsd</Extensions>
    </Filter>
    <Filter Include="Header Files">
      <UniqueIdentifier>{93995380-89BD-4b04-88EB-625FBE52EBFB}</UniqueIdentifier>
      <Extensions>h;hpp;hxx;hm;inl;inc;xsd</Extensions>
    </Filter>
    <Filter Include="Source Files">
      <UniqueIdentifier>{4FC737F1-C7A5-4376-A066-2A32D752A2FF}</UniqueIdentifier>
      <Extensions>cpp;c;cxx;def;odl;idl;hpj;bat;asm;asmx</Extensions>
    </Filter>
    <Filter Include="Source Files">
      <UniqueIdentifier>{4FC737F1-C7A5-4376-A066-2A32D752A2FF}</UniqueIdentifier>
      <Extensions>cpp;c;cxx;def;odl;idl;hpj;bat;asm;asmx</Extensions>
    </Filter>
    <Filter Include="Header Files\Utilities">
      <UniqueIdentifier>{d0c12fa8-260c-47c8-bb96-35de75b39864}</UniqueIdentifier>
    </Filter>
    <Filter Include="Source Files\Utilities">
      <UniqueIdentifier>{e3080b51-61d9-4aeb-98aa-1a5c49cd1ac1}</UniqueIdentifier>
    </Filter>
    <Filter Include="Header Files\Buildings">
      <UniqueIdentifier>{10843058-44a4-414c-8e65-f2e483721e92}</UniqueIdentifier>
    </Filter>
    <Filter Include="Source Files\Buildings">
      <UniqueIdentifier>{c05c5f96-bcef-432a-acee-daeaf38be9cd}</UniqueIdentifier>
    </Filter>
    <Filter Include="Generated Files\Debug">
      <UniqueIdentifier>{137372ad-fda1-4fe3-a680-f8735a9f8d11}</UniqueIdentifier>
      <Extensions>cpp;moc</Extensions>
      <SourceControlFiles>False</SourceControlFiles>
    </Filter>
    <Filter Include="Generated Files\Release">
      <UniqueIdentifier>{d8331305-6e39-479e-8b9a-b3c0f0852b74}</UniqueIdentifier>
      <Extensions>cpp;moc</Extensions>
      <SourceControlFiles>False</SourceControlFiles>
    </Filter>
    <Filter Include="Header Files\Objects">
      <UniqueIdentifier>{5b8e80c3-5acc-4393-9f96-e9934a665f3d}</UniqueIdentifier>
    </Filter>
    <Filter Include="Source Files\Objects">
      <UniqueIdentifier>{2d1484c9-b4b9-4ee5-bb5f-08803ac39daa}</UniqueIdentifier>
    </Filter>
    <Filter Include="Header Files\Managers">
      <UniqueIdentifier>{3b0b7c3c-60c4-4b99-ab5d-de8c1f99115f}</UniqueIdentifier>
    </Filter>
    <Filter Include="Source Files\Managers">
      <UniqueIdentifier>{8a50976a-7560-42d8-96eb-cb8b0e45047f}</UniqueIdentifier>
    </Filter>
    <Filter Include="Resource Files">
      <UniqueIdentifier>{D9D6E242-F8AF-46E4-B9FD-80ECBC20BA3E}</UniqueIdentifier>
      <Extensions>qrc;*</Extensions>
      <ParseFiles>false</ParseFiles>
    </Filter>
    <Filter Include="Header Files\GUIComponents">
      <UniqueIdentifier>{49fed835-c971-4571-b744-e39f69e5f68a}</UniqueIdentifier>
    </Filter>
    <Filter Include="Source Files\GUIComponents">
      <UniqueIdentifier>{81efcd5f-914b-4aa3-9b60-30b8de739cb6}</UniqueIdentifier>
    </Filter>
    <Filter Include="Header Files\Buildings\Instances">
      <UniqueIdentifier>{060b5227-9109-4438-aa24-08b762336e71}</UniqueIdentifier>
    </Filter>
    <Filter Include="Source Files\Buildings\Instances">
      <UniqueIdentifier>{c9b7e77f-1474-4548-bd91-0cba830106a0}</UniqueIdentifier>
    </Filter>
    <Filter Include="Source Files\Groups">
      <UniqueIdentifier>{ea6b5ddd-bb06-4665-a28d-27395d619c3b}</UniqueIdentifier>
    </Filter>
    <Filter Include="Header Files\Groups">
      <UniqueIdentifier>{225fbf91-b066-4985-aabc-e05aa8577e8b}</UniqueIdentifier>
    </Filter>
    <Filter Include="Header Files\Builders">
      <UniqueIdentifier>{58959238-042d-4a9b-89c1-4a66f0c3947b}</UniqueIdentifier>
    </Filter>
    <Filter Include="Source Files\Builders">
      <UniqueIdentifier>{f240df0d-ecf0-4b29-9118-3416323eae75}</UniqueIdentifier>
    </Filter>
    <Filter Include="Header Files\GUIComponents\Dialogs">
      <UniqueIdentifier>{75f0809b-5420-45c3-9f73-aaad1d258a59}</UniqueIdentifier>
    </Filter>
    <Filter Include="Source Files\GUIComponents\Dialogs">
      <UniqueIdentifier>{d17210c1-5901-475d-88b4-7bfd538075b5}</UniqueIdentifier>
    </Filter>
  </ItemGroup>
  <ItemGroup>
    <ClCompile Include="GeneratedFiles\Debug\moc_bankdialog.cpp">
      <Filter>Generated Files\Debug</Filter>
    </ClCompile>
    <ClCompile Include="GeneratedFiles\Release\moc_bankdialog.cpp">
      <Filter>Generated Files\Release</Filter>
    </ClCompile>
    <ClCompile Include="GeneratedFiles\Debug\moc_companydetaildialog.cpp">
      <Filter>Generated Files\Debug</Filter>
    </ClCompile>
    <ClCompile Include="GeneratedFiles\Release\moc_companydetaildialog.cpp">
      <Filter>Generated Files\Release</Filter>
    </ClCompile>
    <ClCompile Include="GeneratedFiles\Debug\moc_garagetablewidget.cpp">
      <Filter>Generated Files\Debug</Filter>
    </ClCompile>
    <ClCompile Include="GeneratedFiles\Release\moc_garagetablewidget.cpp">
      <Filter>Generated Files\Release</Filter>
    </ClCompile>
    <ClCompile Include="GeneratedFiles\Debug\moc_mainwindow.cpp">
      <Filter>Generated Files\Debug</Filter>
    </ClCompile>
    <ClCompile Include="GeneratedFiles\Release\moc_mainwindow.cpp">
      <Filter>Generated Files\Release</Filter>
    </ClCompile>
    <ClCompile Include="GeneratedFiles\Debug\moc_warehousetablewidget.cpp">
      <Filter>Generated Files\Debug</Filter>
    </ClCompile>
    <ClCompile Include="GeneratedFiles\Release\moc_warehousetablewidget.cpp">
      <Filter>Generated Files\Release</Filter>
    </ClCompile>
    <ClCompile Include="GeneratedFiles\Debug\moc_setroutedialog.cpp">
      <Filter>Generated Files\Debug</Filter>
    </ClCompile>
    <ClCompile Include="GeneratedFiles\Release\moc_setroutedialog.cpp">
      <Filter>Generated Files\Release</Filter>
    </ClCompile>
    <ClCompile Include="GeneratedFiles\Debug\moc_selecttablewidget.cpp">
      <Filter>Generated Files\Debug</Filter>
    </ClCompile>
    <ClCompile Include="GeneratedFiles\Release\moc_selecttablewidget.cpp">
      <Filter>Generated Files\Release</Filter>
    </ClCompile>
    <ClCompile Include="GeneratedFiles\qrc_resource.cpp">
      <Filter>Generated Files</Filter>
    </ClCompile>
    <ClCompile Include="GeneratedFiles\Debug\moc_buildinginfowidget.cpp">
      <Filter>Generated Files\Debug</Filter>
    </ClCompile>
    <ClCompile Include="GeneratedFiles\Release\moc_buildinginfowidget.cpp">
      <Filter>Generated Files\Release</Filter>
    </ClCompile>
    <ClCompile Include="GeneratedFiles\Debug\moc_helpdialog.cpp">
      <Filter>Generated Files\Debug</Filter>
    </ClCompile>
    <ClCompile Include="GeneratedFiles\Release\moc_helpdialog.cpp">
      <Filter>Generated Files\Release</Filter>
    </ClCompile>
    <ClCompile Include="GeneratedFiles\Debug\moc_machinetablewidget.cpp">
      <Filter>Generated Files\Debug</Filter>
    </ClCompile>
    <ClCompile Include="GeneratedFiles\Release\moc_machinetablewidget.cpp">
      <Filter>Generated Files\Release</Filter>
    </ClCompile>
    <ClCompile Include="GeneratedFiles\Debug\moc_buildingtablewidget.cpp">
      <Filter>Generated Files\Debug</Filter>
    </ClCompile>
    <ClCompile Include="GeneratedFiles\Release\moc_buildingtablewidget.cpp">
      <Filter>Generated Files\Release</Filter>
    </ClCompile>
    <ClCompile Include="GeneratedFiles\Debug\moc_commandpushbutton.cpp">
      <Filter>Generated Files\Debug</Filter>
    </ClCompile>
    <ClCompile Include="GeneratedFiles\Release\moc_commandpushbutton.cpp">
      <Filter>Generated Files\Release</Filter>
    </ClCompile>
    <ClCompile Include="GeneratedFiles\Debug\moc_tablewidgetpushbutton.cpp">
      <Filter>Generated Files\Debug</Filter>
    </ClCompile>
    <ClCompile Include="GeneratedFiles\Release\moc_tablewidgetpushbutton.cpp">
      <Filter>Generated Files\Release</Filter>
    </ClCompile>
    <ClCompile Include="Source\main.cpp">
      <Filter>Source Files</Filter>
    </ClCompile>
    <ClCompile Include="Source\MachineBuilders.cpp">
      <Filter>Source Files\Builders</Filter>
    </ClCompile>
    <ClCompile Include="Source\Objects\LandParcel.cpp">
      <Filter>Source Files\Buildings</Filter>
    </ClCompile>
    <ClCompile Include="Source\Managers\LandParcelManager.cpp">
      <Filter>Source Files\Managers</Filter>
    </ClCompile>
    <ClCompile Include="Source\Objects\Agriculture.cpp">
      <Filter>Source Files\Buildings</Filter>
    </ClCompile>
    <ClCompile Include="Source\Objects\Commerce.cpp">
      <Filter>Source Files\Buildings</Filter>
    </ClCompile>
    <ClCompile Include="Source\Objects\Finance.cpp">
      <Filter>Source Files\Buildings</Filter>
    </ClCompile>
    <ClCompile Include="Source\Objects\Industry.cpp">
      <Filter>Source Files\Buildings</Filter>
    </ClCompile>
    <ClCompile Include="Source\Objects\Residence.cpp">
      <Filter>Source Files\Buildings</Filter>
    </ClCompile>
    <ClCompile Include="Source\Objects\Transportation.cpp">
      <Filter>Source Files\Buildings</Filter>
    </ClCompile>
    <ClCompile Include="Source\Objects\Bank.cpp">
      <Filter>Source Files\Buildings\Instances</Filter>
    </ClCompile>
    <ClCompile Include="Source\GUI\LandParcelDetailDlg.cpp">
      <Filter>Source Files\GUIComponents\Dialogs</Filter>
    </ClCompile>
    <ClCompile Include="GeneratedFiles\Debug\moc_LandParcelDetailDlg.cpp">
      <Filter>Generated Files\Debug</Filter>
    </ClCompile>
    <ClCompile Include="GeneratedFiles\Release\moc_LandParcelDetailDlg.cpp">
      <Filter>Generated Files\Debug</Filter>
    </ClCompile>
    <ClCompile Include="Source\GUI\MapUi.cpp">
      <Filter>Source Files\GUIComponents</Filter>
    </ClCompile>
    <ClCompile Include="GeneratedFiles\Debug\moc_MapUi.cpp">
      <Filter>Generated Files\Debug</Filter>
    </ClCompile>
    <ClCompile Include="GeneratedFiles\Release\moc_MapUi.cpp">
      <Filter>Generated Files\Debug</Filter>
    </ClCompile>
    <ClCompile Include="Source\Objects\Factory.cpp">
      <Filter>Source Files\Buildings\Instances</Filter>
    </ClCompile>
    <ClCompile Include="Source\Objects\Farm.cpp">
      <Filter>Source Files\Buildings\Instances</Filter>
    </ClCompile>
    <ClCompile Include="Source\Objects\Garage.cpp">
      <Filter>Source Files\Buildings\Instances</Filter>
    </ClCompile>
    <ClCompile Include="Source\Objects\Mine.cpp">
      <Filter>Source Files\Buildings\Instances</Filter>
    </ClCompile>
    <ClCompile Include="Source\Objects\Supermarket.cpp">
      <Filter>Source Files\Buildings\Instances</Filter>
    </ClCompile>
    <ClCompile Include="Source\Objects\UnusedLand.cpp">
      <Filter>Source Files\Buildings\Instances</Filter>
    </ClCompile>
    <ClCompile Include="Source\Objects\Villa.cpp">
      <Filter>Source Files\Buildings\Instances</Filter>
    </ClCompile>
    <ClCompile Include="Source\Objects\BankAccount.cpp">
      <Filter>Source Files\Groups</Filter>
    </ClCompile>
    <ClCompile Include="Source\Objects\Company.cpp">
      <Filter>Source Files\Groups</Filter>
    </ClCompile>
    <ClCompile Include="Source\Objects\Government.cpp">
      <Filter>Source Files\Groups</Filter>
    </ClCompile>
    <ClCompile Include="Source\Objects\LegalPerson.cpp">
      <Filter>Source Files\Groups</Filter>
    </ClCompile>
    <ClCompile Include="Source\Objects\Person.cpp">
      <Filter>Source Files\Groups</Filter>
    </ClCompile>
    <ClCompile Include="Source\GUI\BankDialog.cpp">
      <Filter>Source Files\GUIComponents\Dialogs</Filter>
    </ClCompile>
    <ClCompile Include="Source\GUI\CompanyDetailDialog.cpp">
      <Filter>Source Files\GUIComponents\Dialogs</Filter>
    </ClCompile>
    <ClCompile Include="Source\GUI\HelpDialog.cpp">
      <Filter>Source Files\GUIComponents\Dialogs</Filter>
    </ClCompile>
    <ClCompile Include="Source\GUI\SetRouteDialog.cpp">
      <Filter>Source Files\GUIComponents\Dialogs</Filter>
    </ClCompile>
    <ClCompile Include="Source\GUI\BuildingInfoWidget.cpp">
      <Filter>Source Files\GUIComponents</Filter>
    </ClCompile>
    <ClCompile Include="Source\GUI\BuildingTableWidget.cpp">
      <Filter>Source Files\GUIComponents</Filter>
    </ClCompile>
    <ClCompile Include="Source\GUI\CommandPushButton.cpp">
      <Filter>Source Files\GUIComponents</Filter>
    </ClCompile>
    <ClCompile Include="Source\GUI\GarageTableWidget.cpp">
      <Filter>Source Files\GUIComponents</Filter>
    </ClCompile>
    <ClCompile Include="Source\GUI\MachineTableWidget.cpp">
      <Filter>Source Files\GUIComponents</Filter>
    </ClCompile>
    <ClCompile Include="Source\GUI\SelectTableWidget.cpp">
      <Filter>Source Files\GUIComponents</Filter>
    </ClCompile>
    <ClCompile Include="Source\GUI\TableWidgetPushButton.cpp">
      <Filter>Source Files\GUIComponents</Filter>
    </ClCompile>
    <ClCompile Include="Source\GUI\WarehouseTableWidget.cpp">
      <Filter>Source Files\GUIComponents</Filter>
    </ClCompile>
    <ClCompile Include="Source\GUI\WidgetHelper.cpp">
      <Filter>Source Files\GUIComponents</Filter>
    </ClCompile>
    <ClCompile Include="Source\Managers\CompanyManager.cpp">
      <Filter>Source Files\Managers</Filter>
    </ClCompile>
    <ClCompile Include="Source\Managers\IndustryChainManager.cpp">
      <Filter>Source Files\Managers</Filter>
    </ClCompile>
    <ClCompile Include="Source\Managers\MachineManager.cpp">
      <Filter>Source Files\Managers</Filter>
    </ClCompile>
    <ClCompile Include="Source\Managers\MapManager.cpp">
      <Filter>Source Files\Managers</Filter>
    </ClCompile>
    <ClCompile Include="Source\Managers\PersonManager.cpp">
      <Filter>Source Files\Managers</Filter>
    </ClCompile>
    <ClCompile Include="Source\Managers\PriceManager.cpp">
      <Filter>Source Files\Managers</Filter>
    </ClCompile>
    <ClCompile Include="Source\Managers\TimeManager.cpp">
      <Filter>Source Files\Managers</Filter>
    </ClCompile>
    <ClCompile Include="Source\Managers\UIMmanager.cpp">
      <Filter>Source Files\Managers</Filter>
    </ClCompile>
    <ClCompile Include="Source\Objects\Goods.cpp">
      <Filter>Source Files\Objects</Filter>
    </ClCompile>
    <ClCompile Include="Source\Objects\GoodsContainer.cpp">
      <Filter>Source Files\Objects</Filter>
    </ClCompile>
    <ClCompile Include="Source\Objects\Machine.cpp">
      <Filter>Source Files\Objects</Filter>
    </ClCompile>
    <ClCompile Include="Source\Objects\Route.cpp">
      <Filter>Source Files\Objects</Filter>
    </ClCompile>
    <ClCompile Include="Source\Objects\Truck.cpp">
      <Filter>Source Files\Objects</Filter>
    </ClCompile>
    <ClCompile Include="Source\Objects\Vihicle.cpp">
      <Filter>Source Files\Objects</Filter>
    </ClCompile>
    <ClCompile Include="Source\Objects\Warehouse.cpp">
      <Filter>Source Files\Objects</Filter>
    </ClCompile>
    <ClCompile Include="Source\BuildingFactory.cpp">
      <Filter>Source Files\Utilities</Filter>
    </ClCompile>
    <ClCompile Include="Source\Commmands.cpp">
      <Filter>Source Files\Utilities</Filter>
    </ClCompile>
    <ClCompile Include="Source\Graph.cpp">
      <Filter>Source Files\Utilities</Filter>
    </ClCompile>
    <ClCompile Include="Source\Random.cpp">
      <Filter>Source Files\Utilities</Filter>
    </ClCompile>
    <ClCompile Include="Source\Vector2D.cpp">
      <Filter>Source Files\Utilities</Filter>
    </ClCompile>
    <ClCompile Include="Source\GameConstants.cpp">
      <Filter>Source Files</Filter>
    </ClCompile>
    <ClCompile Include="Source\GUI\MainWindow.cpp">
      <Filter>Source Files</Filter>
    </ClCompile>
  </ItemGroup>
  <ItemGroup>
    <CustomBuild Include="Source\resource.qrc">
      <Filter>Resource Files</Filter>
    </CustomBuild>
    <CustomBuild Include="Source\GUI\LandParcelDetailDlg.h">
      <Filter>Header Files\GUIComponents\Dialogs</Filter>
    </CustomBuild>
    <CustomBuild Include="Source\GUI\LandParcelDetailDlg.ui">
      <Filter>Form Files</Filter>
    </CustomBuild>
    <CustomBuild Include="Source\GUI\BankDialog.h">
      <Filter>Header Files\GUIComponents\Dialogs</Filter>
    </CustomBuild>
    <CustomBuild Include="Source\GUI\CompanyDetailDialog.h">
      <Filter>Header Files\GUIComponents\Dialogs</Filter>
    </CustomBuild>
    <CustomBuild Include="Source\GUI\HelpDialog.h">
      <Filter>Header Files\GUIComponents\Dialogs</Filter>
    </CustomBuild>
    <CustomBuild Include="Source\GUI\SetRouteDialog.h">
      <Filter>Header Files\GUIComponents\Dialogs</Filter>
    </CustomBuild>
    <CustomBuild Include="Source\GUI\BuildingInfoWidget.h">
      <Filter>Header Files\GUIComponents</Filter>
    </CustomBuild>
    <CustomBuild Include="Source\GUI\BuildingTableWidget.h">
      <Filter>Header Files\GUIComponents</Filter>
    </CustomBuild>
    <CustomBuild Include="Source\GUI\CommandPushButton.h">
      <Filter>Header Files\GUIComponents</Filter>
    </CustomBuild>
    <CustomBuild Include="Source\GUI\GarageTableWidget.h">
      <Filter>Header Files\GUIComponents</Filter>
    </CustomBuild>
    <CustomBuild Include="Source\GUI\MachineTableWidget.h">
      <Filter>Header Files\GUIComponents</Filter>
    </CustomBuild>
    <CustomBuild Include="Source\GUI\MapUi.h">
      <Filter>Header Files\GUIComponents</Filter>
    </CustomBuild>
    <CustomBuild Include="Source\GUI\MapUi.ui">
      <Filter>Form Files</Filter>
    </CustomBuild>
    <CustomBuild Include="Source\GUI\SelectTableWidget.h">
      <Filter>Header Files\GUIComponents</Filter>
    </CustomBuild>
    <CustomBuild Include="Source\GUI\TableWidgetPushButton.h">
      <Filter>Header Files\GUIComponents</Filter>
    </CustomBuild>
    <CustomBuild Include="Source\GUI\WarehouseTableWidget.h">
      <Filter>Header Files\GUIComponents</Filter>
    </CustomBuild>
    <CustomBuild Include="Source\GUI\MainWindow.h">
      <Filter>Header Files</Filter>
    </CustomBuild>
    <CustomBuild Include="Source\GUI\BankDialog.ui">
      <Filter>Form Files</Filter>
    </CustomBuild>
    <CustomBuild Include="Source\GUI\BuildingInfoWidget.ui">
      <Filter>Form Files</Filter>
    </CustomBuild>
    <CustomBuild Include="Source\GUI\CompanyDetailDialog.ui">
      <Filter>Form Files</Filter>
    </CustomBuild>
    <CustomBuild Include="Source\GUI\HelpDialog.ui">
      <Filter>Form Files</Filter>
    </CustomBuild>
    <CustomBuild Include="Source\GUI\MainWindow.ui">
      <Filter>Form Files</Filter>
    </CustomBuild>
    <CustomBuild Include="Source\GUI\SetRouteDialog.ui">
      <Filter>Form Files</Filter>
    </CustomBuild>
  </ItemGroup>
  <ItemGroup>
    <ClInclude Include="GeneratedFiles\ui_setroutedialog.h">
      <Filter>Generated Files</Filter>
    </ClInclude>
    <ClInclude Include="GeneratedFiles\ui_mainwindow.h">
      <Filter>Generated Files</Filter>
    </ClInclude>
    <ClInclude Include="GeneratedFiles\ui_buildinginfowidget.h">
      <Filter>Generated Files</Filter>
    </ClInclude>
    <ClInclude Include="GeneratedFiles\ui_helpdialog.h">
      <Filter>Generated Files</Filter>
    </ClInclude>
    <ClInclude Include="GeneratedFiles\ui_bankdialog.h">
      <Filter>Generated Files</Filter>
    </ClInclude>
    <ClInclude Include="GeneratedFiles\ui_companydetaildialog.h">
      <Filter>Generated Files</Filter>
    </ClInclude>
    <ClInclude Include="Source\Interface.h">
      <Filter>Header Files\Utilities</Filter>
    </ClInclude>
    <ClInclude Include="Source\MachineBuilders.h">
      <Filter>Header Files\Builders</Filter>
    </ClInclude>
    <ClInclude Include="Source\Objects\LandParcel.h">
      <Filter>Header Files\Buildings</Filter>
    </ClInclude>
    <ClInclude Include="Source\Managers\LandParcelManager.h">
      <Filter>Header Files\Managers</Filter>
    </ClInclude>
    <ClInclude Include="Source\Managers\CompanyManager.h">
      <Filter>Header Files\Managers</Filter>
    </ClInclude>
    <ClInclude Include="Source\Managers\IndustryChainManager.h">
      <Filter>Header Files\Managers</Filter>
    </ClInclude>
    <ClInclude Include="Source\Objects\Finance.h">
      <Filter>Header Files\Buildings</Filter>
    </ClInclude>
    <ClInclude Include="Source\Objects\Agriculture.h">
      <Filter>Header Files\Buildings</Filter>
    </ClInclude>
    <ClInclude Include="Source\Objects\Commerce.h">
      <Filter>Header Files\Buildings</Filter>
    </ClInclude>
    <ClInclude Include="Source\Objects\Industry.h">
      <Filter>Header Files\Buildings</Filter>
    </ClInclude>
    <ClInclude Include="Source\Objects\Residence.h">
      <Filter>Header Files\Buildings</Filter>
    </ClInclude>
    <ClInclude Include="Source\Objects\Transportation.h">
      <Filter>Header Files\Buildings</Filter>
    </ClInclude>
    <ClInclude Include="Source\Objects\Bank.h">
      <Filter>Header Files\Buildings\Instances</Filter>
    </ClInclude>
    <ClInclude Include="Source\Objects\Factory.h">
      <Filter>Header Files\Buildings\Instances</Filter>
    </ClInclude>
    <ClInclude Include="Source\Objects\Farm.h">
      <Filter>Header Files\Buildings\Instances</Filter>
    </ClInclude>
    <ClInclude Include="Source\Objects\Garage.h">
      <Filter>Header Files\Buildings\Instances</Filter>
    </ClInclude>
    <ClInclude Include="Source\Objects\Mine.h">
      <Filter>Header Files\Buildings\Instances</Filter>
    </ClInclude>
    <ClInclude Include="Source\Objects\Supermarket.h">
      <Filter>Header Files\Buildings\Instances</Filter>
    </ClInclude>
    <ClInclude Include="Source\Objects\UnusedLand.h">
      <Filter>Header Files\Buildings\Instances</Filter>
    </ClInclude>
    <ClInclude Include="Source\Objects\Villa.h">
      <Filter>Header Files\Buildings\Instances</Filter>
    </ClInclude>
    <ClInclude Include="Source\Objects\BankAccount.h">
      <Filter>Header Files\Groups</Filter>
    </ClInclude>
    <ClInclude Include="Source\Objects\Company.h">
      <Filter>Header Files\Groups</Filter>
    </ClInclude>
    <ClInclude Include="Source\Objects\Government.h">
      <Filter>Header Files\Groups</Filter>
    </ClInclude>
    <ClInclude Include="Source\Objects\LegalPerson.h">
      <Filter>Header Files\Groups</Filter>
    </ClInclude>
    <ClInclude Include="Source\Objects\Person.h">
      <Filter>Header Files\Groups</Filter>
    </ClInclude>
    <ClInclude Include="GeneratedFiles\ui_MapUi.h">
      <Filter>Generated Files</Filter>
    </ClInclude>
    <ClInclude Include="Source\GUI\WidgetHelper.h">
      <Filter>Header Files\GUIComponents</Filter>
    </ClInclude>
    <ClInclude Include="Source\GameConstants.h">
      <Filter>Header Files</Filter>
    </ClInclude>
    <ClInclude Include="Source\Managers\MachineManager.h">
      <Filter>Header Files\Managers</Filter>
    </ClInclude>
    <ClInclude Include="Source\Managers\MapManager.h">
      <Filter>Header Files\Managers</Filter>
    </ClInclude>
    <ClInclude Include="Source\Managers\PersonManager.h">
      <Filter>Header Files\Managers</Filter>
    </ClInclude>
    <ClInclude Include="Source\Managers\PriceManager.h">
      <Filter>Header Files\Managers</Filter>
    </ClInclude>
    <ClInclude Include="Source\Managers\TimeManager.h">
      <Filter>Header Files\Managers</Filter>
    </ClInclude>
    <ClInclude Include="Source\Managers\UIManager.h">
      <Filter>Header Files\Managers</Filter>
    </ClInclude>
    <ClInclude Include="Source\Objects\Goods.h">
      <Filter>Header Files\Objects</Filter>
    </ClInclude>
    <ClInclude Include="Source\Objects\GoodsContainer.h">
      <Filter>Header Files\Objects</Filter>
    </ClInclude>
    <ClInclude Include="Source\Objects\Machine.h">
      <Filter>Header Files\Objects</Filter>
    </ClInclude>
    <ClInclude Include="Source\Objects\Route.h">
      <Filter>Header Files\Objects</Filter>
    </ClInclude>
    <ClInclude Include="Source\Objects\Truck.h">
      <Filter>Header Files\Objects</Filter>
    </ClInclude>
    <ClInclude Include="Source\Objects\Vihicle.h">
      <Filter>Header Files\Objects</Filter>
    </ClInclude>
    <ClInclude Include="Source\Objects\Warehouse.h">
      <Filter>Header Files\Objects</Filter>
    </ClInclude>
    <ClInclude Include="Source\BuildingFactory.h">
      <Filter>Header Files\Utilities</Filter>
    </ClInclude>
    <ClInclude Include="Source\Commmands.h">
      <Filter>Header Files\Utilities</Filter>
    </ClInclude>
    <ClInclude Include="Source\Graph.h">
      <Filter>Header Files\Utilities</Filter>
    </ClInclude>
    <ClInclude Include="Source\Random.h">
      <Filter>Header Files\Utilities</Filter>
    </ClInclude>
    <ClInclude Include="Source\Vector2D.h">
      <Filter>Header Files\Utilities</Filter>
    </ClInclude>
  </ItemGroup>
  <ItemGroup>
    <None Include="WorldSimulator.pro.user" />
  </ItemGroup>
</Project>