<?xml version="1.0" encoding="utf-8"?>
<Project ToolsVersion="4.0" xmlns="http://schemas.microsoft.com/developer/msbuild/2003">
  <ItemGroup>
    <Filter Include="Form Files">
      <UniqueIdentifier>{99349809-55BA-4b9d-BF79-8FDBB0286EB3}</UniqueIdentifier>
      <Extensions>ui</Extensions>
      <ParseFiles>false</ParseFiles>
    </Filter>
    <Filter Include="Form Files">
      <UniqueIdentifier>{99349809-55BA-4b9d-BF79-8FDBB0286EB3}</UniqueIdentifier>
      <Extensions>ui</Extensions>
      <ParseFiles>false</ParseFiles>
    </Filter>
    <Filter Include="Generated Files">
      <UniqueIdentifier>{71ED8ED8-ACB9-4CE9-BBE1-E00B30144E11}</UniqueIdentifier>
      <Extensions>cpp;c;cxx;moc;h;def;odl;idl;res;</Extensions>
    </Filter>
    <Filter Include="Header Files">
      <UniqueIdentifier>{93995380-89BD-4b04-88EB-625FBE52EBFB}</UniqueIdentifier>
      <Extensions>h;hpp;hxx;hm;inl;inc;xsd</Extensions>
    </Filter>
    <Filter Include="Header Files">
      <UniqueIdentifier>{93995380-89BD-4b04-88EB-625FBE52EBFB}</UniqueIdentifier>
      <Extensions>h;hpp;hxx;hm;inl;inc;xsd</Extensions>
    </Filter>
    <Filter Include="Source Files">
      <UniqueIdentifier>{4FC737F1-C7A5-4376-A066-2A32D752A2FF}</UniqueIdentifier>
      <Extensions>cpp;c;cxx;def;odl;idl;hpj;bat;asm;asmx</Extensions>
    </Filter>
    <Filter Include="Source Files">
      <UniqueIdentifier>{4FC737F1-C7A5-4376-A066-2A32D752A2FF}</UniqueIdentifier>
      <Extensions>cpp;c;cxx;def;odl;idl;hpj;bat;asm;asmx</Extensions>
    </Filter>
    <Filter Include="Header Files\Utilities">
      <UniqueIdentifier>{d0c12fa8-260c-47c8-bb96-35de75b39864}</UniqueIdentifier>
    </Filter>
    <Filter Include="Source Files\Utilities">
      <UniqueIdentifier>{e3080b51-61d9-4aeb-98aa-1a5c49cd1ac1}</UniqueIdentifier>
    </Filter>
    <Filter Include="Header Files\Buildings">
      <UniqueIdentifier>{10843058-44a4-414c-8e65-f2e483721e92}</UniqueIdentifier>
    </Filter>
    <Filter Include="Source Files\Buildings">
      <UniqueIdentifier>{c05c5f96-bcef-432a-acee-daeaf38be9cd}</UniqueIdentifier>
    </Filter>
    <Filter Include="Header Files\Dialogs">
      <UniqueIdentifier>{75f0809b-5420-45c3-9f73-aaad1d258a59}</UniqueIdentifier>
    </Filter>
    <Filter Include="Source Files\Dialogs">
      <UniqueIdentifier>{d17210c1-5901-475d-88b4-7bfd538075b5}</UniqueIdentifier>
    </Filter>
    <Filter Include="Generated Files\Debug">
      <UniqueIdentifier>{137372ad-fda1-4fe3-a680-f8735a9f8d11}</UniqueIdentifier>
      <Extensions>cpp;moc</Extensions>
      <SourceControlFiles>False</SourceControlFiles>
    </Filter>
    <Filter Include="Generated Files\Release">
      <UniqueIdentifier>{d8331305-6e39-479e-8b9a-b3c0f0852b74}</UniqueIdentifier>
      <Extensions>cpp;moc</Extensions>
      <SourceControlFiles>False</SourceControlFiles>
    </Filter>
    <Filter Include="Header Files\Objects">
      <UniqueIdentifier>{5b8e80c3-5acc-4393-9f96-e9934a665f3d}</UniqueIdentifier>
    </Filter>
    <Filter Include="Source Files\Objects">
      <UniqueIdentifier>{2d1484c9-b4b9-4ee5-bb5f-08803ac39daa}</UniqueIdentifier>
    </Filter>
    <Filter Include="Header Files\Managers">
      <UniqueIdentifier>{3b0b7c3c-60c4-4b99-ab5d-de8c1f99115f}</UniqueIdentifier>
    </Filter>
    <Filter Include="Source Files\Managers">
      <UniqueIdentifier>{8a50976a-7560-42d8-96eb-cb8b0e45047f}</UniqueIdentifier>
    </Filter>
    <Filter Include="Resource Files">
      <UniqueIdentifier>{D9D6E242-F8AF-46E4-B9FD-80ECBC20BA3E}</UniqueIdentifier>
      <Extensions>qrc;*</Extensions>
      <ParseFiles>false</ParseFiles>
    </Filter>
    <Filter Include="Header Files\GUIComponents">
      <UniqueIdentifier>{49fed835-c971-4571-b744-e39f69e5f68a}</UniqueIdentifier>
    </Filter>
    <Filter Include="Source Files\GUIComponents">
      <UniqueIdentifier>{81efcd5f-914b-4aa3-9b60-30b8de739cb6}</UniqueIdentifier>
    </Filter>
    <Filter Include="Header Files\Buildings\Instances">
      <UniqueIdentifier>{060b5227-9109-4438-aa24-08b762336e71}</UniqueIdentifier>
    </Filter>
    <Filter Include="Source Files\Buildings\Instances">
      <UniqueIdentifier>{c9b7e77f-1474-4548-bd91-0cba830106a0}</UniqueIdentifier>
    </Filter>
    <Filter Include="Source Files\Groups">
      <UniqueIdentifier>{ea6b5ddd-bb06-4665-a28d-27395d619c3b}</UniqueIdentifier>
    </Filter>
    <Filter Include="Header Files\Groups">
      <UniqueIdentifier>{225fbf91-b066-4985-aabc-e05aa8577e8b}</UniqueIdentifier>
    </Filter>
    <Filter Include="Header Files\Builders">
      <UniqueIdentifier>{58959238-042d-4a9b-89c1-4a66f0c3947b}</UniqueIdentifier>
    </Filter>
    <Filter Include="Source Files\Builders">
      <UniqueIdentifier>{f240df0d-ecf0-4b29-9118-3416323eae75}</UniqueIdentifier>
    </Filter>
  </ItemGroup>
  <ItemGroup>
    <ClCompile Include="GeneratedFiles\Debug\moc_bankdialog.cpp">
      <Filter>Generated Files\Debug</Filter>
    </ClCompile>
    <ClCompile Include="GeneratedFiles\Release\moc_bankdialog.cpp">
      <Filter>Generated Files\Release</Filter>
    </ClCompile>
    <ClCompile Include="GeneratedFiles\Debug\moc_companydetaildialog.cpp">
      <Filter>Generated Files\Debug</Filter>
    </ClCompile>
    <ClCompile Include="GeneratedFiles\Release\moc_companydetaildialog.cpp">
      <Filter>Generated Files\Release</Filter>
    </ClCompile>
    <ClCompile Include="GeneratedFiles\Debug\moc_garagetablewidget.cpp">
      <Filter>Generated Files\Debug</Filter>
    </ClCompile>
    <ClCompile Include="GeneratedFiles\Release\moc_garagetablewidget.cpp">
      <Filter>Generated Files\Release</Filter>
    </ClCompile>
    <ClCompile Include="GeneratedFiles\Debug\moc_mainwindow.cpp">
      <Filter>Generated Files\Debug</Filter>
    </ClCompile>
    <ClCompile Include="GeneratedFiles\Release\moc_mainwindow.cpp">
      <Filter>Generated Files\Release</Filter>
    </ClCompile>
    <ClCompile Include="GeneratedFiles\Debug\moc_warehousetablewidget.cpp">
      <Filter>Generated Files\Debug</Filter>
    </ClCompile>
    <ClCompile Include="GeneratedFiles\Release\moc_warehousetablewidget.cpp">
      <Filter>Generated Files\Release</Filter>
    </ClCompile>
    <ClCompile Include="GeneratedFiles\Debug\moc_setroutedialog.cpp">
      <Filter>Generated Files\Debug</Filter>
    </ClCompile>
    <ClCompile Include="GeneratedFiles\Release\moc_setroutedialog.cpp">
      <Filter>Generated Files\Release</Filter>
    </ClCompile>
    <ClCompile Include="GeneratedFiles\Debug\moc_selecttablewidget.cpp">
      <Filter>Generated Files\Debug</Filter>
    </ClCompile>
    <ClCompile Include="GeneratedFiles\Release\moc_selecttablewidget.cpp">
      <Filter>Generated Files\Release</Filter>
    </ClCompile>
    <ClCompile Include="GeneratedFiles\qrc_resource.cpp">
      <Filter>Generated Files</Filter>
    </ClCompile>
    <ClCompile Include="GeneratedFiles\Debug\moc_buildinginfowidget.cpp">
      <Filter>Generated Files\Debug</Filter>
    </ClCompile>
    <ClCompile Include="GeneratedFiles\Release\moc_buildinginfowidget.cpp">
      <Filter>Generated Files\Release</Filter>
    </ClCompile>
    <ClCompile Include="GeneratedFiles\Debug\moc_helpdialog.cpp">
      <Filter>Generated Files\Debug</Filter>
    </ClCompile>
    <ClCompile Include="GeneratedFiles\Release\moc_helpdialog.cpp">
      <Filter>Generated Files\Release</Filter>
    </ClCompile>
    <ClCompile Include="GeneratedFiles\Debug\moc_mainui.cpp">
      <Filter>Generated Files\Debug</Filter>
    </ClCompile>
    <ClCompile Include="GeneratedFiles\Release\moc_mainui.cpp">
      <Filter>Generated Files\Release</Filter>
    </ClCompile>
    <ClCompile Include="GeneratedFiles\Debug\moc_buildingdetaildialog.cpp">
      <Filter>Generated Files\Debug</Filter>
    </ClCompile>
    <ClCompile Include="GeneratedFiles\Release\moc_buildingdetaildialog.cpp">
      <Filter>Generated Files\Release</Filter>
    </ClCompile>
    <ClCompile Include="GeneratedFiles\Debug\moc_machinetablewidget.cpp">
      <Filter>Generated Files\Debug</Filter>
    </ClCompile>
    <ClCompile Include="GeneratedFiles\Release\moc_machinetablewidget.cpp">
      <Filter>Generated Files\Release</Filter>
    </ClCompile>
    <ClCompile Include="GeneratedFiles\Debug\moc_buildingtablewidget.cpp">
      <Filter>Generated Files\Debug</Filter>
    </ClCompile>
    <ClCompile Include="GeneratedFiles\Release\moc_buildingtablewidget.cpp">
      <Filter>Generated Files\Release</Filter>
    </ClCompile>
    <ClCompile Include="GeneratedFiles\Debug\moc_commandpushbutton.cpp">
      <Filter>Generated Files\Debug</Filter>
    </ClCompile>
    <ClCompile Include="GeneratedFiles\Release\moc_commandpushbutton.cpp">
      <Filter>Generated Files\Release</Filter>
    </ClCompile>
    <ClCompile Include="GeneratedFiles\Debug\moc_tablewidgetpushbutton.cpp">
      <Filter>Generated Files\Debug</Filter>
    </ClCompile>
    <ClCompile Include="GeneratedFiles\Release\moc_tablewidgetpushbutton.cpp">
      <Filter>Generated Files\Release</Filter>
    </ClCompile>
    <ClCompile Include="WorldSimulator\bank.cpp">
      <Filter>Source Files\Buildings\Instances</Filter>
    </ClCompile>
    <ClCompile Include="WorldSimulator\bankaccount.cpp">
      <Filter>Source Files\Objects</Filter>
    </ClCompile>
    <ClCompile Include="WorldSimulator\bankdialog.cpp">
      <Filter>Source Files\Dialogs</Filter>
    </ClCompile>
    <ClCompile Include="WorldSimulator\baseagriculture.cpp">
      <Filter>Source Files\Buildings</Filter>
    </ClCompile>
    <ClCompile Include="WorldSimulator\basebuilding.cpp">
      <Filter>Source Files\Buildings</Filter>
    </ClCompile>
    <ClCompile Include="WorldSimulator\basecommerce.cpp">
      <Filter>Source Files\Buildings</Filter>
    </ClCompile>
    <ClCompile Include="WorldSimulator\basefinance.cpp">
      <Filter>Source Files\Buildings</Filter>
    </ClCompile>
    <ClCompile Include="WorldSimulator\baseindustry.cpp">
      <Filter>Source Files\Buildings</Filter>
    </ClCompile>
    <ClCompile Include="WorldSimulator\baseresidence.cpp">
      <Filter>Source Files\Buildings</Filter>
    </ClCompile>
    <ClCompile Include="WorldSimulator\basetransportation.cpp">
      <Filter>Source Files\Buildings</Filter>
    </ClCompile>
    <ClCompile Include="WorldSimulator\buildingdetaildialog.cpp">
      <Filter>Source Files\Dialogs</Filter>
    </ClCompile>
    <ClCompile Include="WorldSimulator\buildingfactory.cpp">
      <Filter>Source Files\Utilities</Filter>
    </ClCompile>
    <ClCompile Include="WorldSimulator\buildinginfowidget.cpp">
      <Filter>Source Files\GUIComponents</Filter>
    </ClCompile>
    <ClCompile Include="WorldSimulator\buildingmanager.cpp">
      <Filter>Source Files\Managers</Filter>
    </ClCompile>
    <ClCompile Include="WorldSimulator\buildingtablewidget.cpp">
      <Filter>Source Files\GUIComponents</Filter>
    </ClCompile>
    <ClCompile Include="WorldSimulator\commandpushbutton.cpp">
      <Filter>Source Files\GUIComponents</Filter>
    </ClCompile>
    <ClCompile Include="WorldSimulator\company.cpp">
      <Filter>Source Files\Groups</Filter>
    </ClCompile>
    <ClCompile Include="WorldSimulator\companydetaildialog.cpp">
      <Filter>Source Files\Dialogs</Filter>
    </ClCompile>
    <ClCompile Include="WorldSimulator\companymanager.cpp">
      <Filter>Source Files\Managers</Filter>
    </ClCompile>
    <ClCompile Include="WorldSimulator\factory.cpp">
      <Filter>Source Files\Buildings\Instances</Filter>
    </ClCompile>
    <ClCompile Include="WorldSimulator\farm.cpp">
      <Filter>Source Files\Buildings\Instances</Filter>
    </ClCompile>
    <ClCompile Include="WorldSimulator\gameconstants.cpp">
      <Filter>Source Files</Filter>
    </ClCompile>
    <ClCompile Include="WorldSimulator\garage.cpp">
      <Filter>Source Files\Buildings\Instances</Filter>
    </ClCompile>
    <ClCompile Include="WorldSimulator\garagetablewidget.cpp">
      <Filter>Source Files\GUIComponents</Filter>
    </ClCompile>
    <ClCompile Include="WorldSimulator\goods.cpp">
      <Filter>Source Files\Objects</Filter>
    </ClCompile>
    <ClCompile Include="WorldSimulator\goodscontainer.cpp">
      <Filter>Source Files\Objects</Filter>
    </ClCompile>
    <ClCompile Include="WorldSimulator\government.cpp">
      <Filter>Source Files\Groups</Filter>
    </ClCompile>
    <ClCompile Include="WorldSimulator\graph.cpp">
      <Filter>Source Files\Utilities</Filter>
    </ClCompile>
    <ClCompile Include="WorldSimulator\helpdialog.cpp">
      <Filter>Source Files\Dialogs</Filter>
    </ClCompile>
    <ClCompile Include="WorldSimulator\ibuilding.cpp">
      <Filter>Source Files\Buildings</Filter>
    </ClCompile>
    <ClCompile Include="WorldSimulator\industrychainmanager.cpp">
      <Filter>Source Files\Managers</Filter>
    </ClCompile>
    <ClCompile Include="WorldSimulator\machine.cpp">
      <Filter>Source Files\Objects</Filter>
    </ClCompile>
    <ClCompile Include="WorldSimulator\machinemanager.cpp">
      <Filter>Source Files\Managers</Filter>
    </ClCompile>
    <ClCompile Include="WorldSimulator\machinetablewidget.cpp">
      <Filter>Source Files\GUIComponents</Filter>
    </ClCompile>
    <ClCompile Include="WorldSimulator\main.cpp">
      <Filter>Source Files</Filter>
    </ClCompile>
    <ClCompile Include="WorldSimulator\mainui.cpp">
      <Filter>Source Files\GUIComponents</Filter>
    </ClCompile>
    <ClCompile Include="WorldSimulator\mainwindow.cpp">
      <Filter>Source Files</Filter>
    </ClCompile>
    <ClCompile Include="WorldSimulator\mapmanager.cpp">
      <Filter>Source Files\Managers</Filter>
    </ClCompile>
    <ClCompile Include="WorldSimulator\mine.cpp">
      <Filter>Source Files\Buildings\Instances</Filter>
    </ClCompile>
    <ClCompile Include="WorldSimulator\person.cpp">
      <Filter>Source Files\Groups</Filter>
    </ClCompile>
    <ClCompile Include="WorldSimulator\personmanager.cpp">
      <Filter>Source Files\Managers</Filter>
    </ClCompile>
    <ClCompile Include="WorldSimulator\pricemanager.cpp">
      <Filter>Source Files\Managers</Filter>
    </ClCompile>
    <ClCompile Include="WorldSimulator\route.cpp">
      <Filter>Source Files\Objects</Filter>
    </ClCompile>
    <ClCompile Include="WorldSimulator\selecttablewidget.cpp">
      <Filter>Source Files\GUIComponents</Filter>
    </ClCompile>
    <ClCompile Include="WorldSimulator\setroutedialog.cpp">
      <Filter>Source Files\Dialogs</Filter>
    </ClCompile>
    <ClCompile Include="WorldSimulator\supermarket.cpp">
      <Filter>Source Files\Buildings\Instances</Filter>
    </ClCompile>
    <ClCompile Include="WorldSimulator\tablewidgetpushbutton.cpp">
      <Filter>Source Files\GUIComponents</Filter>
    </ClCompile>
    <ClCompile Include="WorldSimulator\timemanager.cpp">
      <Filter>Source Files\Managers</Filter>
    </ClCompile>
    <ClCompile Include="WorldSimulator\truck.cpp">
      <Filter>Source Files\Objects</Filter>
    </ClCompile>
    <ClCompile Include="WorldSimulator\uimanager.cpp">
      <Filter>Source Files\Managers</Filter>
    </ClCompile>
    <ClCompile Include="WorldSimulator\unusedland.cpp">
      <Filter>Source Files\Buildings\Instances</Filter>
    </ClCompile>
    <ClCompile Include="WorldSimulator\valuegenerator.cpp">
      <Filter>Source Files\Utilities</Filter>
    </ClCompile>
    <ClCompile Include="WorldSimulator\vector2d.cpp">
      <Filter>Source Files\Utilities</Filter>
    </ClCompile>
    <ClCompile Include="WorldSimulator\vihicle.cpp">
      <Filter>Source Files\Objects</Filter>
    </ClCompile>
    <ClCompile Include="WorldSimulator\villa.cpp">
      <Filter>Source Files\Buildings\Instances</Filter>
    </ClCompile>
    <ClCompile Include="WorldSimulator\warehouse.cpp">
      <Filter>Source Files\Objects</Filter>
    </ClCompile>
    <ClCompile Include="WorldSimulator\warehousetablewidget.cpp">
      <Filter>Source Files\GUIComponents</Filter>
    </ClCompile>
    <ClCompile Include="WorldSimulator\machinebuilder.cpp">
      <Filter>Source Files\Builders</Filter>
    </ClCompile>
    <ClCompile Include="WorldSimulator\defaultmachinebuilder.cpp">
      <Filter>Source Files\Builders</Filter>
    </ClCompile>
  </ItemGroup>
  <ItemGroup>
    <CustomBuild Include="WorldSimulator\bankdialog.h">
      <Filter>Header Files\Dialogs</Filter>
    </CustomBuild>
    <CustomBuild Include="WorldSimulator\bankdialog.ui">
      <Filter>Form Files</Filter>
    </CustomBuild>
    <CustomBuild Include="WorldSimulator\buildingdetaildialog.h">
      <Filter>Header Files\Dialogs</Filter>
    </CustomBuild>
    <CustomBuild Include="WorldSimulator\buildingdetaildialog.ui">
      <Filter>Form Files</Filter>
    </CustomBuild>
    <CustomBuild Include="WorldSimulator\buildinginfowidget.h">
      <Filter>Header Files\GUIComponents</Filter>
    </CustomBuild>
    <CustomBuild Include="WorldSimulator\buildinginfowidget.ui">
      <Filter>Form Files</Filter>
    </CustomBuild>
    <CustomBuild Include="WorldSimulator\buildingtablewidget.h">
      <Filter>Header Files\GUIComponents</Filter>
    </CustomBuild>
    <CustomBuild Include="WorldSimulator\commandpushbutton.h">
      <Filter>Header Files\GUIComponents</Filter>
    </CustomBuild>
    <CustomBuild Include="WorldSimulator\companydetaildialog.h">
      <Filter>Header Files\Dialogs</Filter>
    </CustomBuild>
    <CustomBuild Include="WorldSimulator\companydetaildialog.ui">
      <Filter>Form Files</Filter>
    </CustomBuild>
    <CustomBuild Include="WorldSimulator\garagetablewidget.h">
      <Filter>Header Files\GUIComponents</Filter>
    </CustomBuild>
    <CustomBuild Include="WorldSimulator\helpdialog.h">
      <Filter>Header Files\Dialogs</Filter>
    </CustomBuild>
    <CustomBuild Include="WorldSimulator\helpdialog.ui">
      <Filter>Form Files</Filter>
    </CustomBuild>
    <CustomBuild Include="WorldSimulator\machinetablewidget.h">
      <Filter>Header Files\GUIComponents</Filter>
    </CustomBuild>
    <CustomBuild Include="WorldSimulator\mainui.h">
      <Filter>Header Files\GUIComponents</Filter>
    </CustomBuild>
    <CustomBuild Include="WorldSimulator\mainui.ui">
      <Filter>Form Files</Filter>
    </CustomBuild>
    <CustomBuild Include="WorldSimulator\mainwindow.h">
      <Filter>Header Files</Filter>
    </CustomBuild>
    <CustomBuild Include="WorldSimulator\mainwindow.ui">
      <Filter>Form Files</Filter>
    </CustomBuild>
    <CustomBuild Include="WorldSimulator\resource.qrc">
      <Filter>Resource Files</Filter>
    </CustomBuild>
    <CustomBuild Include="WorldSimulator\selecttablewidget.h">
      <Filter>Header Files\GUIComponents</Filter>
    </CustomBuild>
    <CustomBuild Include="WorldSimulator\setroutedialog.h">
      <Filter>Header Files\Dialogs</Filter>
    </CustomBuild>
    <CustomBuild Include="WorldSimulator\setroutedialog.ui">
      <Filter>Form Files</Filter>
    </CustomBuild>
    <CustomBuild Include="WorldSimulator\tablewidgetpushbutton.h">
      <Filter>Header Files\GUIComponents</Filter>
    </CustomBuild>
    <CustomBuild Include="WorldSimulator\warehousetablewidget.h">
      <Filter>Header Files\GUIComponents</Filter>
    </CustomBuild>
  </ItemGroup>
  <ItemGroup>
    <ClInclude Include="GeneratedFiles\ui_setroutedialog.h">
      <Filter>Generated Files</Filter>
    </ClInclude>
    <ClInclude Include="GeneratedFiles\ui_mainwindow.h">
      <Filter>Generated Files</Filter>
    </ClInclude>
    <ClInclude Include="GeneratedFiles\ui_buildinginfowidget.h">
      <Filter>Generated Files</Filter>
    </ClInclude>
    <ClInclude Include="GeneratedFiles\ui_helpdialog.h">
      <Filter>Generated Files</Filter>
    </ClInclude>
    <ClInclude Include="GeneratedFiles\ui_mainui.h">
      <Filter>Generated Files</Filter>
    </ClInclude>
    <ClInclude Include="GeneratedFiles\ui_buildingdetaildialog.h">
      <Filter>Generated Files</Filter>
    </ClInclude>
    <ClInclude Include="GeneratedFiles\ui_bankdialog.h">
      <Filter>Generated Files</Filter>
    </ClInclude>
    <ClInclude Include="GeneratedFiles\ui_companydetaildialog.h">
      <Filter>Generated Files</Filter>
    </ClInclude>
    <ClInclude Include="WorldSimulator\bank.h">
      <Filter>Header Files\Buildings\Instances</Filter>
    </ClInclude>
    <ClInclude Include="WorldSimulator\bankaccount.h">
      <Filter>Header Files\Objects</Filter>
    </ClInclude>
    <ClInclude Include="WorldSimulator\baseagriculture.h">
      <Filter>Header Files\Buildings</Filter>
    </ClInclude>
    <ClInclude Include="WorldSimulator\basebuilding.h">
      <Filter>Header Files\Buildings</Filter>
    </ClInclude>
    <ClInclude Include="WorldSimulator\basecommerce.h">
      <Filter>Header Files\Buildings</Filter>
    </ClInclude>
    <ClInclude Include="WorldSimulator\basefinance.h">
      <Filter>Header Files\Buildings</Filter>
    </ClInclude>
    <ClInclude Include="WorldSimulator\baseindustry.h">
      <Filter>Header Files\Buildings</Filter>
    </ClInclude>
    <ClInclude Include="WorldSimulator\baseresidence.h">
      <Filter>Header Files\Buildings</Filter>
    </ClInclude>
    <ClInclude Include="WorldSimulator\basetransportation.h">
      <Filter>Header Files\Buildings</Filter>
    </ClInclude>
    <ClInclude Include="WorldSimulator\buildingfactory.h">
      <Filter>Header Files\Utilities</Filter>
    </ClInclude>
    <ClInclude Include="WorldSimulator\buildingmanager.h">
      <Filter>Header Files\Managers</Filter>
    </ClInclude>
    <ClInclude Include="WorldSimulator\company.h">
      <Filter>Header Files\Groups</Filter>
    </ClInclude>
    <ClInclude Include="WorldSimulator\companymanager.h">
      <Filter>Header Files\Managers</Filter>
    </ClInclude>
    <ClInclude Include="WorldSimulator\factory.h">
      <Filter>Header Files\Buildings\Instances</Filter>
    </ClInclude>
    <ClInclude Include="WorldSimulator\farm.h">
      <Filter>Header Files\Buildings\Instances</Filter>
    </ClInclude>
    <ClInclude Include="WorldSimulator\gameconstants.h">
      <Filter>Header Files</Filter>
    </ClInclude>
    <ClInclude Include="WorldSimulator\garage.h">
      <Filter>Header Files\Buildings\Instances</Filter>
    </ClInclude>
    <ClInclude Include="WorldSimulator\goods.h">
      <Filter>Header Files\Objects</Filter>
    </ClInclude>
    <ClInclude Include="WorldSimulator\goodscontainer.h">
      <Filter>Header Files\Objects</Filter>
    </ClInclude>
    <ClInclude Include="WorldSimulator\government.h">
      <Filter>Header Files\Groups</Filter>
    </ClInclude>
    <ClInclude Include="WorldSimulator\graph.h">
      <Filter>Header Files\Utilities</Filter>
    </ClInclude>
    <ClInclude Include="WorldSimulator\ibuilding.h">
      <Filter>Header Files\Buildings</Filter>
    </ClInclude>
    <ClInclude Include="WorldSimulator\industrychainmanager.h">
      <Filter>Header Files\Managers</Filter>
    </ClInclude>
    <ClInclude Include="WorldSimulator\machine.h">
      <Filter>Header Files\Objects</Filter>
    </ClInclude>
    <ClInclude Include="WorldSimulator\machinemanager.h">
      <Filter>Header Files\Managers</Filter>
    </ClInclude>
    <ClInclude Include="WorldSimulator\mapmanager.h">
      <Filter>Header Files\Managers</Filter>
    </ClInclude>
    <ClInclude Include="WorldSimulator\mine.h">
      <Filter>Header Files\Buildings\Instances</Filter>
    </ClInclude>
    <ClInclude Include="WorldSimulator\person.h">
      <Filter>Header Files\Groups</Filter>
    </ClInclude>
    <ClInclude Include="WorldSimulator\personmanager.h">
      <Filter>Header Files\Managers</Filter>
    </ClInclude>
    <ClInclude Include="WorldSimulator\pricemanager.h">
      <Filter>Header Files\Managers</Filter>
    </ClInclude>
    <ClInclude Include="WorldSimulator\route.h">
      <Filter>Header Files\Objects</Filter>
    </ClInclude>
    <ClInclude Include="WorldSimulator\supermarket.h">
      <Filter>Header Files\Buildings\Instances</Filter>
    </ClInclude>
    <ClInclude Include="WorldSimulator\timemanager.h">
      <Filter>Header Files\Managers</Filter>
    </ClInclude>
    <ClInclude Include="WorldSimulator\truck.h">
      <Filter>Header Files\Objects</Filter>
    </ClInclude>
    <ClInclude Include="WorldSimulator\uimanager.h">
      <Filter>Header Files\Managers</Filter>
    </ClInclude>
    <ClInclude Include="WorldSimulator\unusedland.h">
      <Filter>Header Files\Buildings\Instances</Filter>
    </ClInclude>
    <ClInclude Include="WorldSimulator\valuegenerator.h">
      <Filter>Header Files\Utilities</Filter>
    </ClInclude>
    <ClInclude Include="WorldSimulator\vector2d.h">
      <Filter>Header Files\Utilities</Filter>
    </ClInclude>
    <ClInclude Include="WorldSimulator\vihicle.h">
      <Filter>Header Files\Objects</Filter>
    </ClInclude>
    <ClInclude Include="WorldSimulator\villa.h">
      <Filter>Header Files\Buildings\Instances</Filter>
    </ClInclude>
    <ClInclude Include="WorldSimulator\warehouse.h">
      <Filter>Header Files\Objects</Filter>
    </ClInclude>
    <ClInclude Include="WorldSimulator\defaultmachinebuilder.h">
      <Filter>Header Files\Builders</Filter>
    </ClInclude>
    <ClInclude Include="WorldSimulator\machinebuilder.h">
      <Filter>Header Files\Builders</Filter>
    </ClInclude>
  </ItemGroup>
</Project>